
Microsoft Visual Studio Solution File, Format Version 12.00
# Visual Studio Version 16
VisualStudioVersion = 16.0.29409.12
MinimumVisualStudioVersion = 10.0.40219.1
Project("{FAE04EC0-301F-11D3-BF4B-00C04F79EFBC}") = "Dasboard_DM_2.1", "Dasboard_DM_2.1\Dasboard_DM_2.1.csproj", "{1B8FE692-9CA0-46CF-92F6-98BC4FECAAAD}"
EndProject
Global
	GlobalSection(SolutionConfigurationPlatforms) = preSolution
		Debug|Any CPU = Debug|Any CPU
		Release|Any CPU = Release|Any CPU
	EndGlobalSection
	GlobalSection(ProjectConfigurationPlatforms) = postSolution
		{1B8FE692-9CA0-46CF-92F6-98BC4FECAAAD}.Debug|Any CPU.ActiveCfg = Debug|Any CPU
		{1B8FE692-9CA0-46CF-92F6-98BC4FECAAAD}.Debug|Any CPU.Build.0 = Debug|Any CPU
		{1B8FE692-9CA0-46CF-92F6-98BC4FECAAAD}.Release|Any CPU.ActiveCfg = Release|Any CPU
		{1B8FE692-9CA0-46CF-92F6-98BC4FECAAAD}.Release|Any CPU.Build.0 = Release|Any CPU
	EndGlobalSection
	GlobalSection(SolutionProperties) = preSolution
		HideSolutionNode = FALSE
	EndGlobalSection
	GlobalSection(ExtensibilityGlobals) = postSolution
		SolutionGuid = {7EA0EF86-1F07-48BF-9E11-FFC7ABFBF755}
	EndGlobalSection
EndGlobal
